
Microsoft Visual Studio Solution File, Format Version 12.00
# Visual Studio 14
VisualStudioVersion = 14.0.25420.1
MinimumVisualStudioVersion = 10.0.40219.1
Project("{2150E333-8FDC-42A3-9474-1A3956D46DE8}") = "Icons", "Icons", "{87E2CBCC-2357-4FEB-A031-0F26E2E6516C}"
	ProjectSection(SolutionItems) = preProject
		Icons\iconfinder_cart_1814095.png = Icons\iconfinder_cart_1814095.png
		Icons\iconfinder_christmas-06_3927511.png = Icons\iconfinder_christmas-06_3927511.png
		Icons\iconfinder_Customize_user_profile_Account_man_1_4484738.png = Icons\iconfinder_Customize_user_profile_Account_man_1_4484738.png
		Icons\iconfinder_Shipping_Delivery_Truck_Fast_4075944.png = Icons\iconfinder_Shipping_Delivery_Truck_Fast_4075944.png
		Icons\logo.png = Icons\logo.png
	EndProjectSection
EndProject
Project("{2150E333-8FDC-42A3-9474-1A3956D46DE8}") = "HomeImages", "HomeImages", "{05961ECF-4DCA-445D-B1B4-79B53F889280}"
	ProjectSection(SolutionItems) = preProject
		HomeImages\iconfinder_Coffe_5727009.png = HomeImages\iconfinder_Coffe_5727009.png
		HomeImages\iconfinder_headset_172475.png = HomeImages\iconfinder_headset_172475.png
		HomeImages\iconfinder_Shipping_Delivery_Truck_Fast_4075944.png = HomeImages\iconfinder_Shipping_Delivery_Truck_Fast_4075944.png
		HomeImages\Main-banner-01.jpg = HomeImages\Main-banner-01.jpg
		HomeImages\Parralax.jpg = HomeImages\Parralax.jpg
		HomeImages\ProductImg1.jpg = HomeImages\ProductImg1.jpg
		HomeImages\ProductImg2.jpg = HomeImages\ProductImg2.jpg
		HomeImages\ProductImg3.jpg = HomeImages\ProductImg3.jpg
		HomeImages\ProductImg4.jpg = HomeImages\ProductImg4.jpg
		HomeImages\ReviewStars.png = HomeImages\ReviewStars.png
		HomeImages\Sub-banner-01.jpg = HomeImages\Sub-banner-01.jpg
		HomeImages\Sub-banner-02.jpg = HomeImages\Sub-banner-02.jpg
		HomeImages\tag.png = HomeImages\tag.png
	EndProjectSection
EndProject
Project("{2150E333-8FDC-42A3-9474-1A3956D46DE8}") = "Imagens", "Imagens", "{8F3BD179-335F-4A14-B52C-773E25B4EB33}"
	ProjectSection(SolutionItems) = preProject
		Imagens\1-584x347_t.jpg = Imagens\1-584x347_t.jpg
		Imagens\10-584x347_t.jpg = Imagens\10-584x347_t.jpg
		Imagens\104501-32.png = Imagens\104501-32.png
		Imagens\1063879-64.png = Imagens\1063879-64.png
		Imagens\11-584x347_t.jpg = Imagens\11-584x347_t.jpg
		Imagens\1212.PNG = Imagens\1212.PNG
		Imagens\1646906-32.png = Imagens\1646906-32.png
		Imagens\1646907-32.png = Imagens\1646907-32.png
		Imagens\2-584x347_t.jpg = Imagens\2-584x347_t.jpg
		Imagens\3-584x347_t.jpg = Imagens\3-584x347_t.jpg
		Imagens\4-584x347_t.jpg = Imagens\4-584x347_t.jpg
		Imagens\4918929-64.png = Imagens\4918929-64.png
		Imagens\5-584x347_t.jpg = Imagens\5-584x347_t.jpg
		Imagens\6-584x347_t.jpg = Imagens\6-584x347_t.jpg
		Imagens\7-584x347_t.jpg = Imagens\7-584x347_t.jpg
		Imagens\8-584x347_t.jpg = Imagens\8-584x347_t.jpg
		Imagens\843777-32.png = Imagens\843777-32.png
		Imagens\9-584x347_t.jpg = Imagens\9-584x347_t.jpg
		Imagens\american_express.png = Imagens\american_express.png
		Imagens\brand-1.png = Imagens\brand-1.png
		Imagens\brand-2.png = Imagens\brand-2.png
		Imagens\brand-3.png = Imagens\brand-3.png
		Imagens\brand-4.png = Imagens\brand-4.png
		Imagens\brand-5.png = Imagens\brand-5.png
		Imagens\Capturar.PNG = Imagens\Capturar.PNG
		Imagens\Capturar1.PNG = Imagens\Capturar1.PNG
		Imagens\Capturar10.PNG = Imagens\Capturar10.PNG
		Imagens\Capturar11.PNG = Imagens\Capturar11.PNG
		Imagens\Capturar12.PNG = Imagens\Capturar12.PNG
		Imagens\Capturar13.PNG = Imagens\Capturar13.PNG
		Imagens\Capturar14.PNG = Imagens\Capturar14.PNG
		Imagens\Capturar15.PNG = Imagens\Capturar15.PNG
		Imagens\Capturar16.PNG = Imagens\Capturar16.PNG
		Imagens\Capturar17.PNG = Imagens\Capturar17.PNG
		Imagens\Capturar2.PNG = Imagens\Capturar2.PNG
		Imagens\Capturar3.PNG = Imagens\Capturar3.PNG
		Imagens\Capturar4.PNG = Imagens\Capturar4.PNG
		Imagens\Capturar5.PNG = Imagens\Capturar5.PNG
		Imagens\Capturar6.PNG = Imagens\Capturar6.PNG
		Imagens\Capturar7.PNG = Imagens\Capturar7.PNG
		Imagens\Capturar8.PNG = Imagens\Capturar8.PNG
		Imagens\Capturar9.PNG = Imagens\Capturar9.PNG
		Imagens\Cms-banner-01.jpg = Imagens\Cms-banner-01.jpg
		Imagens\Cms-banner-02.jpg = Imagens\Cms-banner-02.jpg
		Imagens\dankort.png = Imagens\dankort.png
		Imagens\discover.png = Imagens\discover.png
		Imagens\estrela.PNG = Imagens\estrela.PNG
		Imagens\foot1.PNG = Imagens\foot1.PNG
		Imagens\foot2.PNG = Imagens\foot2.PNG
		Imagens\foot3.PNG = Imagens\foot3.PNG
		Imagens\foot4.PNG = Imagens\foot4.PNG
		Imagens\footer-logo1.png = Imagens\footer-logo1.png
		Imagens\footer-logo2.png = Imagens\footer-logo2.png
		Imagens\iconfinder_Arrow_Forward_1063879.png = Imagens\iconfinder_Arrow_Forward_1063879.png
		Imagens\left-banner.jpg = Imagens\left-banner.jpg
		Imagens\logo.png = Imagens\logo.png
		Imagens\maestro.png = Imagens\maestro.png
		Imagens\Main-banner-01.jpg = Imagens\Main-banner-01.jpg
		Imagens\master_card.png = Imagens\master_card.png
		Imagens\mob-logo.png = Imagens\mob-logo.png
		Imagens\Parralax.jpg = Imagens\Parralax.jpg
		Imagens\paypal.png = Imagens\paypal.png
		Imagens\Sub-banner-01.jpg = Imagens\Sub-banner-01.jpg
		Imagens\Sub-banner-02.jpg = Imagens\Sub-banner-02.jpg
		Imagens\t1-120x120_left.png = Imagens\t1-120x120_left.png
		Imagens\t2-120x120_left.png = Imagens\t2-120x120_left.png
		Imagens\t3-120x120_left.png = Imagens\t3-120x120_left.png
		Imagens\tag.png = Imagens\tag.png
		Imagens\Testimonial-bg.jpg = Imagens\Testimonial-bg.jpg
		Imagens\visa.png = Imagens\visa.png
	EndProjectSection
EndProject
Project("{2150E333-8FDC-42A3-9474-1A3956D46DE8}") = "HomePage", "HomePage", "{1400B5B4-F7A5-4087-9084-2A0BACC63002}"
	ProjectSection(SolutionItems) = preProject
		HeaderStyle.css = HeaderStyle.css
		HomeStyle.css = HomeStyle.css
		index.css = index.css
		LoginFormStyleSheet.css = LoginFormStyleSheet.css
		MainHomePage.html = MainHomePage.html
	EndProjectSection
EndProject
Project("{2150E333-8FDC-42A3-9474-1A3956D46DE8}") = "Css", "Css", "{FEB472C6-ABE3-4A82-B806-106788BB2E93}"
	ProjectSection(SolutionItems) = preProject
		ProjectWeb\Css\Cardapio.css = ProjectWeb\Css\Cardapio.css
		ProjectWeb\Css\Contatos.css = ProjectWeb\Css\Contatos.css
		ProjectWeb\Css\HeaderStyle.css = ProjectWeb\Css\HeaderStyle.css
		ProjectWeb\Css\Shop.css = ProjectWeb\Css\Shop.css
	EndProjectSection
EndProject
Project("{2150E333-8FDC-42A3-9474-1A3956D46DE8}") = "Html", "Html", "{CEC0E45B-CFCF-43E4-85BB-54059D0DCEC2}"
	ProjectSection(SolutionItems) = preProject
		Html\Cardapio.html = Html\Cardapio.html
		Html\Carrinho.html = Html\Carrinho.html
		Html\Contatos.html = Html\Contatos.html
		Html\Header.html = Html\Header.html
		Html\Shop.html = Html\Shop.html
	EndProjectSection
EndProject
Project("{2150E333-8FDC-42A3-9474-1A3956D46DE8}") = "Imagens", "Imagens", "{DA680A84-BAF6-49B0-A746-84CB25DB598D}"
	ProjectSection(SolutionItems) = preProject
		ProjectWeb\Imagens\1-277x350.jpg = ProjectWeb\Imagens\1-277x350.jpg
		ProjectWeb\Imagens\1-584x347_t.jpg = ProjectWeb\Imagens\1-584x347_t.jpg
		ProjectWeb\Imagens\10-277x350.jpg = ProjectWeb\Imagens\10-277x350.jpg
		ProjectWeb\Imagens\10-584x347_t.jpg = ProjectWeb\Imagens\10-584x347_t.jpg
		ProjectWeb\Imagens\104501-32.png = ProjectWeb\Imagens\104501-32.png
		ProjectWeb\Imagens\1063879-64.png = ProjectWeb\Imagens\1063879-64.png
		ProjectWeb\Imagens\11-277x350.jpg = ProjectWeb\Imagens\11-277x350.jpg
		ProjectWeb\Imagens\11-584x347_t.jpg = ProjectWeb\Imagens\11-584x347_t.jpg
		ProjectWeb\Imagens\12-277x350.jpg = ProjectWeb\Imagens\12-277x350.jpg
		ProjectWeb\Imagens\1212.PNG = ProjectWeb\Imagens\1212.PNG
		ProjectWeb\Imagens\13-277x350.jpg = ProjectWeb\Imagens\13-277x350.jpg
		ProjectWeb\Imagens\14-277x350.jpg = ProjectWeb\Imagens\14-277x350.jpg
		ProjectWeb\Imagens\15-277x350.jpg = ProjectWeb\Imagens\15-277x350.jpg
		ProjectWeb\Imagens\16-277x350.jpg = ProjectWeb\Imagens\16-277x350.jpg
		ProjectWeb\Imagens\1646906-32.png = ProjectWeb\Imagens\1646906-32.png
		ProjectWeb\Imagens\1646907-32.png = ProjectWeb\Imagens\1646907-32.png
		ProjectWeb\Imagens\19-277x350.jpg = ProjectWeb\Imagens\19-277x350.jpg
		ProjectWeb\Imagens\2-584x347_t.jpg = ProjectWeb\Imagens\2-584x347_t.jpg
		ProjectWeb\Imagens\20-277x350.jpg = ProjectWeb\Imagens\20-277x350.jpg
		ProjectWeb\Imagens\3-584x347_t.jpg = ProjectWeb\Imagens\3-584x347_t.jpg
		ProjectWeb\Imagens\4-277x350.jpg = ProjectWeb\Imagens\4-277x350.jpg
		ProjectWeb\Imagens\4-584x347_t.jpg = ProjectWeb\Imagens\4-584x347_t.jpg
		ProjectWeb\Imagens\4918929-64.png = ProjectWeb\Imagens\4918929-64.png
		ProjectWeb\Imagens\5-584x347_t.jpg = ProjectWeb\Imagens\5-584x347_t.jpg
		ProjectWeb\Imagens\6-584x347_t.jpg = ProjectWeb\Imagens\6-584x347_t.jpg
		ProjectWeb\Imagens\7-277x350.jpg = ProjectWeb\Imagens\7-277x350.jpg
		ProjectWeb\Imagens\7-584x347_t.jpg = ProjectWeb\Imagens\7-584x347_t.jpg
		ProjectWeb\Imagens\8-277x350.jpg = ProjectWeb\Imagens\8-277x350.jpg
		ProjectWeb\Imagens\8-584x347_t.jpg = ProjectWeb\Imagens\8-584x347_t.jpg
		ProjectWeb\Imagens\843777-32.png = ProjectWeb\Imagens\843777-32.png
		ProjectWeb\Imagens\9-277x350.jpg = ProjectWeb\Imagens\9-277x350.jpg
		ProjectWeb\Imagens\9-584x347_t.jpg = ProjectWeb\Imagens\9-584x347_t.jpg
		ProjectWeb\Imagens\american_express.png = ProjectWeb\Imagens\american_express.png
		ProjectWeb\Imagens\brand-1.png = ProjectWeb\Imagens\brand-1.png
		ProjectWeb\Imagens\brand-2.png = ProjectWeb\Imagens\brand-2.png
		ProjectWeb\Imagens\brand-3.png = ProjectWeb\Imagens\brand-3.png
		ProjectWeb\Imagens\brand-4.png = ProjectWeb\Imagens\brand-4.png
		ProjectWeb\Imagens\brand-5.png = ProjectWeb\Imagens\brand-5.png
		ProjectWeb\Imagens\Cafe Americano 1.jpg = ProjectWeb\Imagens\Cafe Americano 1.jpg
		ProjectWeb\Imagens\Cafe Cappuccino1.jpg = ProjectWeb\Imagens\Cafe Cappuccino1.jpg
		ProjectWeb\Imagens\Cafe Chocolate 1.jpg = ProjectWeb\Imagens\Cafe Chocolate 1.jpg
		ProjectWeb\Imagens\Cafe Cocoa.jpg = ProjectWeb\Imagens\Cafe Cocoa.jpg
		ProjectWeb\Imagens\Cafe Espresso.jpg = ProjectWeb\Imagens\Cafe Espresso.jpg
		ProjectWeb\Imagens\Cafe Frappe.jpg = ProjectWeb\Imagens\Cafe Frappe.jpg
		ProjectWeb\Imagens\Cafe Freddo.jpg = ProjectWeb\Imagens\Cafe Freddo.jpg
		ProjectWeb\Imagens\Cafe Glace 1.jpg = ProjectWeb\Imagens\Cafe Glace 1.jpg
		ProjectWeb\Imagens\Cafe Irish.jpg = ProjectWeb\Imagens\Cafe Irish.jpg
		ProjectWeb\Imagens\Cafe Latte 1.jpg = ProjectWeb\Imagens\Cafe Latte 1.jpg
		ProjectWeb\Imagens\Cafe Macchiato.jpg = ProjectWeb\Imagens\Cafe Macchiato.jpg
		ProjectWeb\Imagens\Cafe Mocha 1.jpg = ProjectWeb\Imagens\Cafe Mocha 1.jpg
		ProjectWeb\Imagens\cafe1.jpg = ProjectWeb\Imagens\cafe1.jpg
		ProjectWeb\Imagens\cafe2.jpg = ProjectWeb\Imagens\cafe2.jpg
		ProjectWeb\Imagens\cafe3.jpg = ProjectWeb\Imagens\cafe3.jpg
		ProjectWeb\Imagens\caminhão.jpeg = ProjectWeb\Imagens\caminhão.jpeg
		ProjectWeb\Imagens\Capturar.PNG = ProjectWeb\Imagens\Capturar.PNG
		ProjectWeb\Imagens\Capturar1.PNG = ProjectWeb\Imagens\Capturar1.PNG
		ProjectWeb\Imagens\Capturar10.PNG = ProjectWeb\Imagens\Capturar10.PNG
		ProjectWeb\Imagens\Capturar11.PNG = ProjectWeb\Imagens\Capturar11.PNG
		ProjectWeb\Imagens\Capturar12.PNG = ProjectWeb\Imagens\Capturar12.PNG
		ProjectWeb\Imagens\Capturar13.PNG = ProjectWeb\Imagens\Capturar13.PNG
		ProjectWeb\Imagens\Capturar14.PNG = ProjectWeb\Imagens\Capturar14.PNG
		ProjectWeb\Imagens\Capturar15.PNG = ProjectWeb\Imagens\Capturar15.PNG
		ProjectWeb\Imagens\Capturar16.PNG = ProjectWeb\Imagens\Capturar16.PNG
		ProjectWeb\Imagens\Capturar17.PNG = ProjectWeb\Imagens\Capturar17.PNG
		ProjectWeb\Imagens\Capturar2.PNG = ProjectWeb\Imagens\Capturar2.PNG
		ProjectWeb\Imagens\Capturar3.PNG = ProjectWeb\Imagens\Capturar3.PNG
		ProjectWeb\Imagens\Capturar4.PNG = ProjectWeb\Imagens\Capturar4.PNG
		ProjectWeb\Imagens\Capturar5.PNG = ProjectWeb\Imagens\Capturar5.PNG
		ProjectWeb\Imagens\Capturar6.PNG = ProjectWeb\Imagens\Capturar6.PNG
		ProjectWeb\Imagens\Capturar7.PNG = ProjectWeb\Imagens\Capturar7.PNG
		ProjectWeb\Imagens\Capturar8.PNG = ProjectWeb\Imagens\Capturar8.PNG
		ProjectWeb\Imagens\Capturar9.PNG = ProjectWeb\Imagens\Capturar9.PNG
		ProjectWeb\Imagens\carrinho.jpeg = ProjectWeb\Imagens\carrinho.jpeg
		ProjectWeb\Imagens\Cms-banner-01.jpg = ProjectWeb\Imagens\Cms-banner-01.jpg
		ProjectWeb\Imagens\Cms-banner-02.jpg = ProjectWeb\Imagens\Cms-banner-02.jpg
		ProjectWeb\Imagens\dankort.png = ProjectWeb\Imagens\dankort.png
		ProjectWeb\Imagens\discover.png = ProjectWeb\Imagens\discover.png
		ProjectWeb\Imagens\estrela.PNG = ProjectWeb\Imagens\estrela.PNG
		ProjectWeb\Imagens\foot1.PNG = ProjectWeb\Imagens\foot1.PNG
		ProjectWeb\Imagens\foot2.PNG = ProjectWeb\Imagens\foot2.PNG
		ProjectWeb\Imagens\foot3.PNG = ProjectWeb\Imagens\foot3.PNG
		ProjectWeb\Imagens\foot4.PNG = ProjectWeb\Imagens\foot4.PNG
		ProjectWeb\Imagens\footer-logo1.png = ProjectWeb\Imagens\footer-logo1.png
		ProjectWeb\Imagens\footer-logo2.png = ProjectWeb\Imagens\footer-logo2.png
		ProjectWeb\Imagens\icon 1.jpg = ProjectWeb\Imagens\icon 1.jpg
		ProjectWeb\Imagens\icon 2.jpg = ProjectWeb\Imagens\icon 2.jpg
		ProjectWeb\Imagens\icon 4.jpg = ProjectWeb\Imagens\icon 4.jpg
		ProjectWeb\Imagens\icon 5.jpg = ProjectWeb\Imagens\icon 5.jpg
		ProjectWeb\Imagens\iconfinder_Arrow_Forward_1063879.png = ProjectWeb\Imagens\iconfinder_Arrow_Forward_1063879.png
		ProjectWeb\Imagens\iconfinder_mail-24_103176.png = ProjectWeb\Imagens\iconfinder_mail-24_103176.png
		ProjectWeb\Imagens\iconfinder_map-marker_1608533.png = ProjectWeb\Imagens\iconfinder_map-marker_1608533.png
		ProjectWeb\Imagens\iconfinder_phone_1608790.png = ProjectWeb\Imagens\iconfinder_phone_1608790.png
		ProjectWeb\Imagens\left-banner.jpg = ProjectWeb\Imagens\left-banner.jpg
		ProjectWeb\Imagens\logo.png = ProjectWeb\Imagens\logo.png
		ProjectWeb\Imagens\maestro.png = ProjectWeb\Imagens\maestro.png
		ProjectWeb\Imagens\Main-banner-01.jpg = ProjectWeb\Imagens\Main-banner-01.jpg
		ProjectWeb\Imagens\master_card.png = ProjectWeb\Imagens\master_card.png
		ProjectWeb\Imagens\mob-logo.png = ProjectWeb\Imagens\mob-logo.png
		ProjectWeb\Imagens\page-title-bg.jpg = ProjectWeb\Imagens\page-title-bg.jpg
		ProjectWeb\Imagens\Parralax.jpg = ProjectWeb\Imagens\Parralax.jpg
		ProjectWeb\Imagens\paypal.png = ProjectWeb\Imagens\paypal.png
		ProjectWeb\Imagens\presente.jpeg = ProjectWeb\Imagens\presente.jpeg
		ProjectWeb\Imagens\profile.jpeg = ProjectWeb\Imagens\profile.jpeg
		ProjectWeb\Imagens\Sub-banner-01.jpg = ProjectWeb\Imagens\Sub-banner-01.jpg
		ProjectWeb\Imagens\Sub-banner-02.jpg = ProjectWeb\Imagens\Sub-banner-02.jpg
		ProjectWeb\Imagens\t1-120x120_left.png = ProjectWeb\Imagens\t1-120x120_left.png
		ProjectWeb\Imagens\t2-120x120_left.png = ProjectWeb\Imagens\t2-120x120_left.png
		ProjectWeb\Imagens\t3-120x120_left.png = ProjectWeb\Imagens\t3-120x120_left.png
		ProjectWeb\Imagens\tag.png = ProjectWeb\Imagens\tag.png
		ProjectWeb\Imagens\Testimonial-bg.jpg = ProjectWeb\Imagens\Testimonial-bg.jpg
		ProjectWeb\Imagens\visa.png = ProjectWeb\Imagens\visa.png
	EndProjectSection
EndProject
Project("{2150E333-8FDC-42A3-9474-1A3956D46DE8}") = "JavaScript", "JavaScript", "{51DC0038-CA5E-4329-9961-D6D641E9A933}"
	ProjectSection(SolutionItems) = preProject
		ProjectWeb\JavaScript\Contatos.js = ProjectWeb\JavaScript\Contatos.js
		ProjectWeb\JavaScript\Shop.js = ProjectWeb\JavaScript\Shop.js
	EndProjectSection
EndProject
Global
	GlobalSection(SolutionProperties) = preSolution
		HideSolutionNode = FALSE
	EndGlobalSection
	GlobalSection(NestedProjects) = preSolution
		{87E2CBCC-2357-4FEB-A031-0F26E2E6516C} = {1400B5B4-F7A5-4087-9084-2A0BACC63002}
		{05961ECF-4DCA-445D-B1B4-79B53F889280} = {1400B5B4-F7A5-4087-9084-2A0BACC63002}
		{8F3BD179-335F-4A14-B52C-773E25B4EB33} = {1400B5B4-F7A5-4087-9084-2A0BACC63002}
	EndGlobalSection
EndGlobal
